
Microsoft Visual Studio Solution File, Format Version 12.00
# Visual Studio Version 17
VisualStudioVersion = 17.3.32819.101
MinimumVisualStudioVersion = 10.0.40219.1
Project("{FAE04EC0-301F-11D3-BF4B-00C04F79EFBC}") = "BulkyBookWeb", "BulkyBookWeb\BulkyBookWeb.csproj", "{940409BA-4407-4D3A-9963-D3B2301C1886}"
EndProject
Global
	GlobalSection(SolutionConfigurationPlatforms) = preSolution
		Debug|Any CPU = Debug|Any CPU
		Release|Any CPU = Release|Any CPU
	EndGlobalSection
	GlobalSection(ProjectConfigurationPlatforms) = postSolution
		{940409BA-4407-4D3A-9963-D3B2301C1886}.Debug|Any CPU.ActiveCfg = Debug|Any CPU
		{940409BA-4407-4D3A-9963-D3B2301C1886}.Debug|Any CPU.Build.0 = Debug|Any CPU
		{940409BA-4407-4D3A-9963-D3B2301C1886}.Release|Any CPU.ActiveCfg = Release|Any CPU
		{940409BA-4407-4D3A-9963-D3B2301C1886}.Release|Any CPU.Build.0 = Release|Any CPU
	EndGlobalSection
	GlobalSection(SolutionProperties) = preSolution
		HideSolutionNode = FALSE
	EndGlobalSection
	GlobalSection(ExtensibilityGlobals) = postSolution
		SolutionGuid = {D84D5A56-D05B-4353-B268-B460F49132CC}
	EndGlobalSection
EndGlobal
